
Microsoft Visual Studio Solution File, Format Version 12.00
# Visual Studio 15
VisualStudioVersion = 15.0.27428.2005
MinimumVisualStudioVersion = 10.0.40219.1
Project("{FAE04EC0-301F-11D3-BF4B-00C04F79EFBC}") = "MangaCrawler", "MangaCrawler\MangaCrawler.csproj", "{2F0D249B-366F-49E0-9C0D-3C5D941BEB76}"
EndProject
Global
	GlobalSection(SolutionConfigurationPlatforms) = preSolution
		Debug|Any CPU = Debug|Any CPU
		Release|Any CPU = Release|Any CPU
	EndGlobalSection
	GlobalSection(ProjectConfigurationPlatforms) = postSolution
		{2F0D249B-366F-49E0-9C0D-3C5D941BEB76}.Debug|Any CPU.ActiveCfg = Debug|Any CPU
		{2F0D249B-366F-49E0-9C0D-3C5D941BEB76}.Debug|Any CPU.Build.0 = Debug|Any CPU
		{2F0D249B-366F-49E0-9C0D-3C5D941BEB76}.Release|Any CPU.ActiveCfg = Release|Any CPU
		{2F0D249B-366F-49E0-9C0D-3C5D941BEB76}.Release|Any CPU.Build.0 = Release|Any CPU
	EndGlobalSection
	GlobalSection(SolutionProperties) = preSolution
		HideSolutionNode = FALSE
	EndGlobalSection
	GlobalSection(ExtensibilityGlobals) = postSolution
		SolutionGuid = {8FD6D70B-2A46-470D-90F3-00CE31E77C15}
	EndGlobalSection
EndGlobal
